// !$*UTF8*$!
{
	archiveVersion = 1;
	classes = {
	};
	objectVersion = 46;
	objects = {

/* Begin PBXBuildFile section */
		89EC4DA11BD9E9B0000510B2 /* AppDelegate.swift in Sources */ = {isa = PBXBuildFile; fileRef = 89EC4DA01BD9E9B0000510B2 /* AppDelegate.swift */; };
		89EC4DA31BD9E9B0000510B2 /* FirstViewController.swift in Sources */ = {isa = PBXBuildFile; fileRef = 89EC4DA21BD9E9B0000510B2 /* FirstViewController.swift */; };
		89EC4DA51BD9E9B0000510B2 /* SecondViewController.swift in Sources */ = {isa = PBXBuildFile; fileRef = 89EC4DA41BD9E9B0000510B2 /* SecondViewController.swift */; };
		89EC4DA81BD9E9B0000510B2 /* Main.storyboard in Resources */ = {isa = PBXBuildFile; fileRef = 89EC4DA61BD9E9B0000510B2 /* Main.storyboard */; };
		89EC4DAA1BD9E9B0000510B2 /* Assets.xcassets in Resources */ = {isa = PBXBuildFile; fileRef = 89EC4DA91BD9E9B0000510B2 /* Assets.xcassets */; };
		89EC4DAD1BD9E9B0000510B2 /* LaunchScreen.storyboard in Resources */ = {isa = PBXBuildFile; fileRef = 89EC4DAB1BD9E9B0000510B2 /* LaunchScreen.storyboard */; };
		89EC4DB81BD9E9B0000510B2 /* ios_bridge_controlTests.swift in Sources */ = {isa = PBXBuildFile; fileRef = 89EC4DB71BD9E9B0000510B2 /* ios_bridge_controlTests.swift */; };
		89EC4DC31BD9E9B0000510B2 /* ios_bridge_controlUITests.swift in Sources */ = {isa = PBXBuildFile; fileRef = 89EC4DC21BD9E9B0000510B2 /* ios_bridge_controlUITests.swift */; };
		89EC4DD11BD9E9CE000510B2 /* .gitignore in Resources */ = {isa = PBXBuildFile; fileRef = 89EC4DD01BD9E9CE000510B2 /* .gitignore */; };
		89EC4DD31BD9ECEE000510B2 /* Settings.bundle in Resources */ = {isa = PBXBuildFile; fileRef = 89EC4DD21BD9ECEE000510B2 /* Settings.bundle */; };
		F398E8C71BE71734005FD21F /* Constants.swift in Sources */ = {isa = PBXBuildFile; fileRef = F398E8C61BE71734005FD21F /* Constants.swift */; };
/* End PBXBuildFile section */

/* Begin PBXContainerItemProxy section */
		89EC4DB41BD9E9B0000510B2 /* PBXContainerItemProxy */ = {
			isa = PBXContainerItemProxy;
			containerPortal = 89EC4D951BD9E9B0000510B2 /* Project object */;
			proxyType = 1;
			remoteGlobalIDString = 89EC4D9C1BD9E9B0000510B2;
			remoteInfo = "ios-bridge-control";
		};
		89EC4DBF1BD9E9B0000510B2 /* PBXContainerItemProxy */ = {
			isa = PBXContainerItemProxy;
			containerPortal = 89EC4D951BD9E9B0000510B2 /* Project object */;
			proxyType = 1;
			remoteGlobalIDString = 89EC4D9C1BD9E9B0000510B2;
			remoteInfo = "ios-bridge-control";
		};
/* End PBXContainerItemProxy section */

/* Begin PBXFileReference section */
		89EC4D9D1BD9E9B0000510B2 /* ios-bridge-control.app */ = {isa = PBXFileReference; explicitFileType = wrapper.application; includeInIndex = 0; path = "ios-bridge-control.app"; sourceTree = BUILT_PRODUCTS_DIR; };
		89EC4DA01BD9E9B0000510B2 /* AppDelegate.swift */ = {isa = PBXFileReference; lastKnownFileType = sourcecode.swift; path = AppDelegate.swift; sourceTree = "<group>"; };
		89EC4DA21BD9E9B0000510B2 /* FirstViewController.swift */ = {isa = PBXFileReference; lastKnownFileType = sourcecode.swift; path = FirstViewController.swift; sourceTree = "<group>"; };
		89EC4DA41BD9E9B0000510B2 /* SecondViewController.swift */ = {isa = PBXFileReference; lastKnownFileType = sourcecode.swift; path = SecondViewController.swift; sourceTree = "<group>"; };
		89EC4DA71BD9E9B0000510B2 /* Base */ = {isa = PBXFileReference; lastKnownFileType = file.storyboard; name = Base; path = Base.lproj/Main.storyboard; sourceTree = "<group>"; };
		89EC4DA91BD9E9B0000510B2 /* Assets.xcassets */ = {isa = PBXFileReference; lastKnownFileType = folder.assetcatalog; path = Assets.xcassets; sourceTree = "<group>"; };
		89EC4DAC1BD9E9B0000510B2 /* Base */ = {isa = PBXFileReference; lastKnownFileType = file.storyboard; name = Base; path = Base.lproj/LaunchScreen.storyboard; sourceTree = "<group>"; };
		89EC4DAE1BD9E9B0000510B2 /* Info.plist */ = {isa = PBXFileReference; lastKnownFileType = text.plist.xml; path = Info.plist; sourceTree = "<group>"; };
		89EC4DB31BD9E9B0000510B2 /* ios-bridge-controlTests.xctest */ = {isa = PBXFileReference; explicitFileType = wrapper.cfbundle; includeInIndex = 0; path = "ios-bridge-controlTests.xctest"; sourceTree = BUILT_PRODUCTS_DIR; };
		89EC4DB71BD9E9B0000510B2 /* ios_bridge_controlTests.swift */ = {isa = PBXFileReference; lastKnownFileType = sourcecode.swift; path = ios_bridge_controlTests.swift; sourceTree = "<group>"; };
		89EC4DB91BD9E9B0000510B2 /* Info.plist */ = {isa = PBXFileReference; lastKnownFileType = text.plist.xml; path = Info.plist; sourceTree = "<group>"; };
		89EC4DBE1BD9E9B0000510B2 /* ios-bridge-controlUITests.xctest */ = {isa = PBXFileReference; explicitFileType = wrapper.cfbundle; includeInIndex = 0; path = "ios-bridge-controlUITests.xctest"; sourceTree = BUILT_PRODUCTS_DIR; };
		89EC4DC21BD9E9B0000510B2 /* ios_bridge_controlUITests.swift */ = {isa = PBXFileReference; lastKnownFileType = sourcecode.swift; path = ios_bridge_controlUITests.swift; sourceTree = "<group>"; };
		89EC4DC41BD9E9B0000510B2 /* Info.plist */ = {isa = PBXFileReference; lastKnownFileType = text.plist.xml; path = Info.plist; sourceTree = "<group>"; };
		89EC4DD01BD9E9CE000510B2 /* .gitignore */ = {isa = PBXFileReference; fileEncoding = 4; lastKnownFileType = text; path = .gitignore; sourceTree = "<group>"; };
		89EC4DD21BD9ECEE000510B2 /* Settings.bundle */ = {isa = PBXFileReference; lastKnownFileType = "wrapper.plug-in"; path = Settings.bundle; sourceTree = "<group>"; };
		F398E8C61BE71734005FD21F /* Constants.swift */ = {isa = PBXFileReference; fileEncoding = 4; lastKnownFileType = sourcecode.swift; path = Constants.swift; sourceTree = "<group>"; };
/* End PBXFileReference section */

/* Begin PBXFrameworksBuildPhase section */
		89EC4D9A1BD9E9B0000510B2 /* Frameworks */ = {
			isa = PBXFrameworksBuildPhase;
			buildActionMask = 2147483647;
			files = (
			);
			runOnlyForDeploymentPostprocessing = 0;
		};
		89EC4DB01BD9E9B0000510B2 /* Frameworks */ = {
			isa = PBXFrameworksBuildPhase;
			buildActionMask = 2147483647;
			files = (
			);
			runOnlyForDeploymentPostprocessing = 0;
		};
		89EC4DBB1BD9E9B0000510B2 /* Frameworks */ = {
			isa = PBXFrameworksBuildPhase;
			buildActionMask = 2147483647;
			files = (
			);
			runOnlyForDeploymentPostprocessing = 0;
		};
/* End PBXFrameworksBuildPhase section */

/* Begin PBXGroup section */
		89EC4D941BD9E9B0000510B2 = {
			isa = PBXGroup;
			children = (
				89EC4DD01BD9E9CE000510B2 /* .gitignore */,
				89EC4D9F1BD9E9B0000510B2 /* ios-bridge-control */,
				89EC4DB61BD9E9B0000510B2 /* ios-bridge-controlTests */,
				89EC4DC11BD9E9B0000510B2 /* ios-bridge-controlUITests */,
				89EC4D9E1BD9E9B0000510B2 /* Products */,
			);
			sourceTree = "<group>";
		};
		89EC4D9E1BD9E9B0000510B2 /* Products */ = {
			isa = PBXGroup;
			children = (
				89EC4D9D1BD9E9B0000510B2 /* ios-bridge-control.app */,
				89EC4DB31BD9E9B0000510B2 /* ios-bridge-controlTests.xctest */,
				89EC4DBE1BD9E9B0000510B2 /* ios-bridge-controlUITests.xctest */,
			);
			name = Products;
			sourceTree = "<group>";
		};
		89EC4D9F1BD9E9B0000510B2 /* ios-bridge-control */ = {
			isa = PBXGroup;
			children = (
				89EC4DA01BD9E9B0000510B2 /* AppDelegate.swift */,
				89EC4DA21BD9E9B0000510B2 /* FirstViewController.swift */,
				89EC4DA41BD9E9B0000510B2 /* SecondViewController.swift */,
				89EC4DA61BD9E9B0000510B2 /* Main.storyboard */,
				89EC4DA91BD9E9B0000510B2 /* Assets.xcassets */,
				89EC4DAB1BD9E9B0000510B2 /* LaunchScreen.storyboard */,
				89EC4DAE1BD9E9B0000510B2 /* Info.plist */,
				89EC4DD21BD9ECEE000510B2 /* Settings.bundle */,
				F398E8C61BE71734005FD21F /* Constants.swift */,
			);
			path = "ios-bridge-control";
			sourceTree = "<group>";
		};
		89EC4DB61BD9E9B0000510B2 /* ios-bridge-controlTests */ = {
			isa = PBXGroup;
			children = (
				89EC4DB71BD9E9B0000510B2 /* ios_bridge_controlTests.swift */,
				89EC4DB91BD9E9B0000510B2 /* Info.plist */,
			);
			path = "ios-bridge-controlTests";
			sourceTree = "<group>";
		};
		89EC4DC11BD9E9B0000510B2 /* ios-bridge-controlUITests */ = {
			isa = PBXGroup;
			children = (
				89EC4DC21BD9E9B0000510B2 /* ios_bridge_controlUITests.swift */,
				89EC4DC41BD9E9B0000510B2 /* Info.plist */,
			);
			path = "ios-bridge-controlUITests";
			sourceTree = "<group>";
		};
/* End PBXGroup section */

/* Begin PBXNativeTarget section */
		89EC4D9C1BD9E9B0000510B2 /* ios-bridge-control */ = {
			isa = PBXNativeTarget;
			buildConfigurationList = 89EC4DC71BD9E9B0000510B2 /* Build configuration list for PBXNativeTarget "ios-bridge-control" */;
			buildPhases = (
				89EC4D991BD9E9B0000510B2 /* Sources */,
				89EC4D9A1BD9E9B0000510B2 /* Frameworks */,
				89EC4D9B1BD9E9B0000510B2 /* Resources */,
			);
			buildRules = (
			);
			dependencies = (
			);
			name = "ios-bridge-control";
			productName = "ios-bridge-control";
			productReference = 89EC4D9D1BD9E9B0000510B2 /* ios-bridge-control.app */;
			productType = "com.apple.product-type.application";
		};
		89EC4DB21BD9E9B0000510B2 /* ios-bridge-controlTests */ = {
			isa = PBXNativeTarget;
			buildConfigurationList = 89EC4DCA1BD9E9B0000510B2 /* Build configuration list for PBXNativeTarget "ios-bridge-controlTests" */;
			buildPhases = (
				89EC4DAF1BD9E9B0000510B2 /* Sources */,
				89EC4DB01BD9E9B0000510B2 /* Frameworks */,
				89EC4DB11BD9E9B0000510B2 /* Resources */,
			);
			buildRules = (
			);
			dependencies = (
				89EC4DB51BD9E9B0000510B2 /* PBXTargetDependency */,
			);
			name = "ios-bridge-controlTests";
			productName = "ios-bridge-controlTests";
			productReference = 89EC4DB31BD9E9B0000510B2 /* ios-bridge-controlTests.xctest */;
			productType = "com.apple.product-type.bundle.unit-test";
		};
		89EC4DBD1BD9E9B0000510B2 /* ios-bridge-controlUITests */ = {
			isa = PBXNativeTarget;
			buildConfigurationList = 89EC4DCD1BD9E9B0000510B2 /* Build configuration list for PBXNativeTarget "ios-bridge-controlUITests" */;
			buildPhases = (
				89EC4DBA1BD9E9B0000510B2 /* Sources */,
				89EC4DBB1BD9E9B0000510B2 /* Frameworks */,
				89EC4DBC1BD9E9B0000510B2 /* Resources */,
			);
			buildRules = (
			);
			dependencies = (
				89EC4DC01BD9E9B0000510B2 /* PBXTargetDependency */,
			);
			name = "ios-bridge-controlUITests";
			productName = "ios-bridge-controlUITests";
			productReference = 89EC4DBE1BD9E9B0000510B2 /* ios-bridge-controlUITests.xctest */;
			productType = "com.apple.product-type.bundle.ui-testing";
		};
/* End PBXNativeTarget section */

/* Begin PBXProject section */
		89EC4D951BD9E9B0000510B2 /* Project object */ = {
			isa = PBXProject;
			attributes = {
				LastSwiftUpdateCheck = 0710;
				LastUpgradeCheck = 0710;
				ORGANIZATIONNAME = "Xiao Lu";
				TargetAttributes = {
					89EC4D9C1BD9E9B0000510B2 = {
						CreatedOnToolsVersion = 7.1;
					};
					89EC4DB21BD9E9B0000510B2 = {
						CreatedOnToolsVersion = 7.1;
						TestTargetID = 89EC4D9C1BD9E9B0000510B2;
					};
					89EC4DBD1BD9E9B0000510B2 = {
						CreatedOnToolsVersion = 7.1;
						TestTargetID = 89EC4D9C1BD9E9B0000510B2;
					};
				};
			};
			buildConfigurationList = 89EC4D981BD9E9B0000510B2 /* Build configuration list for PBXProject "ios-bridge-control" */;
			compatibilityVersion = "Xcode 3.2";
			developmentRegion = English;
			hasScannedForEncodings = 0;
			knownRegions = (
				en,
				Base,
			);
			mainGroup = 89EC4D941BD9E9B0000510B2;
			productRefGroup = 89EC4D9E1BD9E9B0000510B2 /* Products */;
			projectDirPath = "";
			projectRoot = "";
			targets = (
				89EC4D9C1BD9E9B0000510B2 /* ios-bridge-control */,
				89EC4DB21BD9E9B0000510B2 /* ios-bridge-controlTests */,
				89EC4DBD1BD9E9B0000510B2 /* ios-bridge-controlUITests */,
			);
		};
/* End PBXProject section */

/* Begin PBXResourcesBuildPhase section */
		89EC4D9B1BD9E9B0000510B2 /* Resources */ = {
			isa = PBXResourcesBuildPhase;
			buildActionMask = 2147483647;
			files = (
				89EC4DD11BD9E9CE000510B2 /* .gitignore in Resources */,
				89EC4DAD1BD9E9B0000510B2 /* LaunchScreen.storyboard in Resources */,
				89EC4DD31BD9ECEE000510B2 /* Settings.bundle in Resources */,
				89EC4DAA1BD9E9B0000510B2 /* Assets.xcassets in Resources */,
				89EC4DA81BD9E9B0000510B2 /* Main.storyboard in Resources */,
			);
			runOnlyForDeploymentPostprocessing = 0;
		};
		89EC4DB11BD9E9B0000510B2 /* Resources */ = {
			isa = PBXResourcesBuildPhase;
			buildActionMask = 2147483647;
			files = (
			);
			runOnlyForDeploymentPostprocessing = 0;
		};
		89EC4DBC1BD9E9B0000510B2 /* Resources */ = {
			isa = PBXResourcesBuildPhase;
			buildActionMask = 2147483647;
			files = (
			);
			runOnlyForDeploymentPostprocessing = 0;
		};
/* End PBXResourcesBuildPhase section */

/* Begin PBXSourcesBuildPhase section */
		89EC4D991BD9E9B0000510B2 /* Sources */ = {
			isa = PBXSourcesBuildPhase;
			buildActionMask = 2147483647;
			files = (
				89EC4DA51BD9E9B0000510B2 /* SecondViewController.swift in Sources */,
				89EC4DA11BD9E9B0000510B2 /* AppDelegate.swift in Sources */,
				89EC4DA31BD9E9B0000510B2 /* FirstViewController.swift in Sources */,
				F398E8C71BE71734005FD21F /* Constants.swift in Sources */,
			);
			runOnlyForDeploymentPostprocessing = 0;
		};
		89EC4DAF1BD9E9B0000510B2 /* Sources */ = {
			isa = PBXSourcesBuildPhase;
			buildActionMask = 2147483647;
			files = (
				89EC4DB81BD9E9B0000510B2 /* ios_bridge_controlTests.swift in Sources */,
			);
			runOnlyForDeploymentPostprocessing = 0;
		};
		89EC4DBA1BD9E9B0000510B2 /* Sources */ = {
			isa = PBXSourcesBuildPhase;
			buildActionMask = 2147483647;
			files = (
				89EC4DC31BD9E9B0000510B2 /* ios_bridge_controlUITests.swift in Sources */,
			);
			runOnlyForDeploymentPostprocessing = 0;
		};
/* End PBXSourcesBuildPhase section */

/* Begin PBXTargetDependency section */
		89EC4DB51BD9E9B0000510B2 /* PBXTargetDependency */ = {
			isa = PBXTargetDependency;
			target = 89EC4D9C1BD9E9B0000510B2 /* ios-bridge-control */;
			targetProxy = 89EC4DB41BD9E9B0000510B2 /* PBXContainerItemProxy */;
		};
		89EC4DC01BD9E9B0000510B2 /* PBXTargetDependency */ = {
			isa = PBXTargetDependency;
			target = 89EC4D9C1BD9E9B0000510B2 /* ios-bridge-control */;
			targetProxy = 89EC4DBF1BD9E9B0000510B2 /* PBXContainerItemProxy */;
		};
/* End PBXTargetDependency section */

/* Begin PBXVariantGroup section */
		89EC4DA61BD9E9B0000510B2 /* Main.storyboard */ = {
			isa = PBXVariantGroup;
			children = (
				89EC4DA71BD9E9B0000510B2 /* Base */,
			);
			name = Main.storyboard;
			sourceTree = "<group>";
		};
		89EC4DAB1BD9E9B0000510B2 /* LaunchScreen.storyboard */ = {
			isa = PBXVariantGroup;
			children = (
				89EC4DAC1BD9E9B0000510B2 /* Base */,
			);
			name = LaunchScreen.storyboard;
			sourceTree = "<group>";
		};
/* End PBXVariantGroup section */

/* Begin XCBuildConfiguration section */
		89EC4DC51BD9E9B0000510B2 /* Debug */ = {
			isa = XCBuildConfiguration;
			buildSettings = {
				ALWAYS_SEARCH_USER_PATHS = NO;
				CLANG_CXX_LANGUAGE_STANDARD = "gnu++0x";
				CLANG_CXX_LIBRARY = "libc++";
				CLANG_ENABLE_MODULES = YES;
				CLANG_ENABLE_OBJC_ARC = YES;
				CLANG_WARN_BOOL_CONVERSION = YES;
				CLANG_WARN_CONSTANT_CONVERSION = YES;
				CLANG_WARN_DIRECT_OBJC_ISA_USAGE = YES_ERROR;
				CLANG_WARN_EMPTY_BODY = YES;
				CLANG_WARN_ENUM_CONVERSION = YES;
				CLANG_WARN_INT_CONVERSION = YES;
				CLANG_WARN_OBJC_ROOT_CLASS = YES_ERROR;
				CLANG_WARN_UNREACHABLE_CODE = YES;
				CLANG_WARN__DUPLICATE_METHOD_MATCH = YES;
				"CODE_SIGN_IDENTITY[sdk=iphoneos*]" = "iPhone Developer";
				COPY_PHASE_STRIP = NO;
				DEBUG_INFORMATION_FORMAT = dwarf;
				ENABLE_STRICT_OBJC_MSGSEND = YES;
				ENABLE_TESTABILITY = YES;
				GCC_C_LANGUAGE_STANDARD = gnu99;
				GCC_DYNAMIC_NO_PIC = NO;
				GCC_NO_COMMON_BLOCKS = YES;
				GCC_OPTIMIZATION_LEVEL = 0;
				GCC_PREPROCESSOR_DEFINITIONS = (
					"DEBUG=1",
					"$(inherited)",
				);
				GCC_WARN_64_TO_32_BIT_CONVERSION = YES;
				GCC_WARN_ABOUT_RETURN_TYPE = YES_ERROR;
				GCC_WARN_UNDECLARED_SELECTOR = YES;
				GCC_WARN_UNINITIALIZED_AUTOS = YES_AGGRESSIVE;
				GCC_WARN_UNUSED_FUNCTION = YES;
				GCC_WARN_UNUSED_VARIABLE = YES;
				IPHONEOS_DEPLOYMENT_TARGET = 9.1;
				MTL_ENABLE_DEBUG_INFO = YES;
				ONLY_ACTIVE_ARCH = YES;
				SDKROOT = iphoneos;
				SWIFT_OPTIMIZATION_LEVEL = "-Onone";
				TARGETED_DEVICE_FAMILY = "1,2";
			};
			name = Debug;
		};
		89EC4DC61BD9E9B0000510B2 /* Release */ = {
			isa = XCBuildConfiguration;
			buildSettings = {
				ALWAYS_SEARCH_USER_PATHS = NO;
				CLANG_CXX_LANGUAGE_STANDARD = "gnu++0x";
				CLANG_CXX_LIBRARY = "libc++";
				CLANG_ENABLE_MODULES = YES;
				CLANG_ENABLE_OBJC_ARC = YES;
				CLANG_WARN_BOOL_CONVERSION = YES;
				CLANG_WARN_CONSTANT_CONVERSION = YES;
				CLANG_WARN_DIRECT_OBJC_ISA_USAGE = YES_ERROR;
				CLANG_WARN_EMPTY_BODY = YES;
				CLANG_WARN_ENUM_CONVERSION = YES;
				CLANG_WARN_INT_CONVERSION = YES;
				CLANG_WARN_OBJC_ROOT_CLASS = YES_ERROR;
				CLANG_WARN_UNREACHABLE_CODE = YES;
				CLANG_WARN__DUPLICATE_METHOD_MATCH = YES;
				"CODE_SIGN_IDENTITY[sdk=iphoneos*]" = "iPhone Developer";
				COPY_PHASE_STRIP = NO;
				DEBUG_INFORMATION_FORMAT = "dwarf-with-dsym";
				ENABLE_NS_ASSERTIONS = NO;
				ENABLE_STRICT_OBJC_MSGSEND = YES;
				GCC_C_LANGUAGE_STANDARD = gnu99;
				GCC_NO_COMMON_BLOCKS = YES;
				GCC_WARN_64_TO_32_BIT_CONVERSION = YES;
				GCC_WARN_ABOUT_RETURN_TYPE = YES_ERROR;
				GCC_WARN_UNDECLARED_SELECTOR = YES;
				GCC_WARN_UNINITIALIZED_AUTOS = YES_AGGRESSIVE;
				GCC_WARN_UNUSED_FUNCTION = YES;
				GCC_WARN_UNUSED_VARIABLE = YES;
				IPHONEOS_DEPLOYMENT_TARGET = 9.1;
				MTL_ENABLE_DEBUG_INFO = NO;
				SDKROOT = iphoneos;
				TARGETED_DEVICE_FAMILY = "1,2";
				VALIDATE_PRODUCT = YES;
			};
			name = Release;
		};
		89EC4DC81BD9E9B0000510B2 /* Debug */ = {
			isa = XCBuildConfiguration;
			buildSettings = {
				ASSETCATALOG_COMPILER_APPICON_NAME = AppIcon;
				INFOPLIST_FILE = "ios-bridge-control/Info.plist";
				LD_RUNPATH_SEARCH_PATHS = "$(inherited) @executable_path/Frameworks";
				PRODUCT_BUNDLE_IDENTIFIER = "com.xiaolu.ios-bridge-control";
				PRODUCT_NAME = "$(TARGET_NAME)";
			};
			name = Debug;
		};
		89EC4DC91BD9E9B0000510B2 /* Release */ = {
			isa = XCBuildConfiguration;
			buildSettings = {
				ASSETCATALOG_COMPILER_APPICON_NAME = AppIcon;
				INFOPLIST_FILE = "ios-bridge-control/Info.plist";
				LD_RUNPATH_SEARCH_PATHS = "$(inherited) @executable_path/Frameworks";
				PRODUCT_BUNDLE_IDENTIFIER = "com.xiaolu.ios-bridge-control";
				PRODUCT_NAME = "$(TARGET_NAME)";
			};
			name = Release;
		};
		89EC4DCB1BD9E9B0000510B2 /* Debug */ = {
			isa = XCBuildConfiguration;
			buildSettings = {
				BUNDLE_LOADER = "$(TEST_HOST)";
				INFOPLIST_FILE = "ios-bridge-controlTests/Info.plist";
				LD_RUNPATH_SEARCH_PATHS = "$(inherited) @executable_path/Frameworks @loader_path/Frameworks";
				PRODUCT_BUNDLE_IDENTIFIER = "com.xiaolu.ios-bridge-controlTests";
				PRODUCT_NAME = "$(TARGET_NAME)";
				TEST_HOST = "$(BUILT_PRODUCTS_DIR)/ios-bridge-control.app/ios-bridge-control";
			};
			name = Debug;
		};
		89EC4DCC1BD9E9B0000510B2 /* Release */ = {
			isa = XCBuildConfiguration;
			buildSettings = {
				BUNDLE_LOADER = "$(TEST_HOST)";
				INFOPLIST_FILE = "ios-bridge-controlTests/Info.plist";
				LD_RUNPATH_SEARCH_PATHS = "$(inherited) @executable_path/Frameworks @loader_path/Frameworks";
				PRODUCT_BUNDLE_IDENTIFIER = "com.xiaolu.ios-bridge-controlTests";
				PRODUCT_NAME = "$(TARGET_NAME)";
				TEST_HOST = "$(BUILT_PRODUCTS_DIR)/ios-bridge-control.app/ios-bridge-control";
			};
			name = Release;
		};
		89EC4DCE1BD9E9B0000510B2 /* Debug */ = {
			isa = XCBuildConfiguration;
			buildSettings = {
				INFOPLIST_FILE = "ios-bridge-controlUITests/Info.plist";
				LD_RUNPATH_SEARCH_PATHS = "$(inherited) @executable_path/Frameworks @loader_path/Frameworks";
				PRODUCT_BUNDLE_IDENTIFIER = "com.xiaolu.ios-bridge-controlUITests";
				PRODUCT_NAME = "$(TARGET_NAME)";
				TEST_TARGET_NAME = "ios-bridge-control";
				USES_XCTRUNNER = YES;
			};
			name = Debug;
		};
		89EC4DCF1BD9E9B0000510B2 /* Release */ = {
			isa = XCBuildConfiguration;
			buildSettings = {
				INFOPLIST_FILE = "ios-bridge-controlUITests/Info.plist";
				LD_RUNPATH_SEARCH_PATHS = "$(inherited) @executable_path/Frameworks @loader_path/Frameworks";
				PRODUCT_BUNDLE_IDENTIFIER = "com.xiaolu.ios-bridge-controlUITests";
				PRODUCT_NAME = "$(TARGET_NAME)";
				TEST_TARGET_NAME = "ios-bridge-control";
				USES_XCTRUNNER = YES;
			};
			name = Release;
		};
/* End XCBuildConfiguration section */

/* Begin XCConfigurationList section */
		89EC4D981BD9E9B0000510B2 /* Build configuration list for PBXProject "ios-bridge-control" */ = {
			isa = XCConfigurationList;
			buildConfigurations = (
				89EC4DC51BD9E9B0000510B2 /* Debug */,
				89EC4DC61BD9E9B0000510B2 /* Release */,
			);
			defaultConfigurationIsVisible = 0;
			defaultConfigurationName = Release;
		};
		89EC4DC71BD9E9B0000510B2 /* Build configuration list for PBXNativeTarget "ios-bridge-control" */ = {
			isa = XCConfigurationList;
			buildConfigurations = (
				89EC4DC81BD9E9B0000510B2 /* Debug */,
				89EC4DC91BD9E9B0000510B2 /* Release */,
			);
			defaultConfigurationIsVisible = 0;
			defaultConfigurationName = Release;
		};
		89EC4DCA1BD9E9B0000510B2 /* Build configuration list for PBXNativeTarget "ios-bridge-controlTests" */ = {
			isa = XCConfigurationList;
			buildConfigurations = (
				89EC4DCB1BD9E9B0000510B2 /* Debug */,
				89EC4DCC1BD9E9B0000510B2 /* Release */,
			);
			defaultConfigurationIsVisible = 0;
			defaultConfigurationName = Release;
		};
		89EC4DCD1BD9E9B0000510B2 /* Build configuration list for PBXNativeTarget "ios-bridge-controlUITests" */ = {
			isa = XCConfigurationList;
			buildConfigurations = (
				89EC4DCE1BD9E9B0000510B2 /* Debug */,
				89EC4DCF1BD9E9B0000510B2 /* Release */,
			);
			defaultConfigurationIsVisible = 0;
			defaultConfigurationName = Release;
		};
/* End XCConfigurationList section */
	};
	rootObject = 89EC4D951BD9E9B0000510B2 /* Project object */;
}
